// !$*UTF8*$!
{
	archiveVersion = 1;
	classes = {
	};
	objectVersion = 50;
	objects = {

/* Begin PBXBuildFile section */
		14843E4E261299F90002C94C /* EcomAppApp.swift in Sources */ = {isa = PBXBuildFile; fileRef = 14843E4D261299F90002C94C /* EcomAppApp.swift */; };
		14843E50261299F90002C94C /* ContentView.swift in Sources */ = {isa = PBXBuildFile; fileRef = 14843E4F261299F90002C94C /* ContentView.swift */; };
		14843E52261299FA0002C94C /* Assets.xcassets in Resources */ = {isa = PBXBuildFile; fileRef = 14843E51261299FA0002C94C /* Assets.xcassets */; };
		14843E55261299FA0002C94C /* Preview Assets.xcassets in Resources */ = {isa = PBXBuildFile; fileRef = 14843E54261299FA0002C94C /* Preview Assets.xcassets */; };
		14843E60261299FA0002C94C /* EcomAppTests.swift in Sources */ = {isa = PBXBuildFile; fileRef = 14843E5F261299FA0002C94C /* EcomAppTests.swift */; };
		14843E6B261299FA0002C94C /* EcomAppUITests.swift in Sources */ = {isa = PBXBuildFile; fileRef = 14843E6A261299FA0002C94C /* EcomAppUITests.swift */; };
		148B85ED261AA11600BC9F71 /* Item.swift in Sources */ = {isa = PBXBuildFile; fileRef = 148B85EC261AA11600BC9F71 /* Item.swift */; };
		148B85FA261AA5C700BC9F71 /* CardView.swift in Sources */ = {isa = PBXBuildFile; fileRef = 148B85F9261AA5C700BC9F71 /* CardView.swift */; };
		148B85FF261AB1E800BC9F71 /* Detail.swift in Sources */ = {isa = PBXBuildFile; fileRef = 148B85FE261AB1E800BC9F71 /* Detail.swift */; };
		14F9465A2612CF70005D6AE6 /* Home.swift in Sources */ = {isa = PBXBuildFile; fileRef = 14F946592612CF70005D6AE6 /* Home.swift */; };
		14F9465F2612E212005D6AE6 /* TabButton.swift in Sources */ = {isa = PBXBuildFile; fileRef = 14F9465E2612E212005D6AE6 /* TabButton.swift */; };
/* End PBXBuildFile section */

/* Begin PBXContainerItemProxy section */
		14843E5C261299FA0002C94C /* PBXContainerItemProxy */ = {
			isa = PBXContainerItemProxy;
			containerPortal = 14843E42261299F90002C94C /* Project object */;
			proxyType = 1;
			remoteGlobalIDString = 14843E49261299F90002C94C;
			remoteInfo = EcomApp;
		};
		14843E67261299FA0002C94C /* PBXContainerItemProxy */ = {
			isa = PBXContainerItemProxy;
			containerPortal = 14843E42261299F90002C94C /* Project object */;
			proxyType = 1;
			remoteGlobalIDString = 14843E49261299F90002C94C;
			remoteInfo = EcomApp;
		};
/* End PBXContainerItemProxy section */

/* Begin PBXFileReference section */
		14843E4A261299F90002C94C /* EcomApp.app */ = {isa = PBXFileReference; explicitFileType = wrapper.application; includeInIndex = 0; path = EcomApp.app; sourceTree = BUILT_PRODUCTS_DIR; };
		14843E4D261299F90002C94C /* EcomAppApp.swift */ = {isa = PBXFileReference; lastKnownFileType = sourcecode.swift; path = EcomAppApp.swift; sourceTree = "<group>"; };
		14843E4F261299F90002C94C /* ContentView.swift */ = {isa = PBXFileReference; lastKnownFileType = sourcecode.swift; path = ContentView.swift; sourceTree = "<group>"; };
		14843E51261299FA0002C94C /* Assets.xcassets */ = {isa = PBXFileReference; lastKnownFileType = folder.assetcatalog; path = Assets.xcassets; sourceTree = "<group>"; };
		14843E54261299FA0002C94C /* Preview Assets.xcassets */ = {isa = PBXFileReference; lastKnownFileType = folder.assetcatalog; path = "Preview Assets.xcassets"; sourceTree = "<group>"; };
		14843E56261299FA0002C94C /* Info.plist */ = {isa = PBXFileReference; lastKnownFileType = text.plist.xml; path = Info.plist; sourceTree = "<group>"; };
		14843E5B261299FA0002C94C /* EcomAppTests.xctest */ = {isa = PBXFileReference; explicitFileType = wrapper.cfbundle; includeInIndex = 0; path = EcomAppTests.xctest; sourceTree = BUILT_PRODUCTS_DIR; };
		14843E5F261299FA0002C94C /* EcomAppTests.swift */ = {isa = PBXFileReference; lastKnownFileType = sourcecode.swift; path = EcomAppTests.swift; sourceTree = "<group>"; };
		14843E61261299FA0002C94C /* Info.plist */ = {isa = PBXFileReference; lastKnownFileType = text.plist.xml; path = Info.plist; sourceTree = "<group>"; };
		14843E66261299FA0002C94C /* EcomAppUITests.xctest */ = {isa = PBXFileReference; explicitFileType = wrapper.cfbundle; includeInIndex = 0; path = EcomAppUITests.xctest; sourceTree = BUILT_PRODUCTS_DIR; };
		14843E6A261299FA0002C94C /* EcomAppUITests.swift */ = {isa = PBXFileReference; lastKnownFileType = sourcecode.swift; path = EcomAppUITests.swift; sourceTree = "<group>"; };
		14843E6C261299FA0002C94C /* Info.plist */ = {isa = PBXFileReference; lastKnownFileType = text.plist.xml; path = Info.plist; sourceTree = "<group>"; };
		148B85EC261AA11600BC9F71 /* Item.swift */ = {isa = PBXFileReference; lastKnownFileType = sourcecode.swift; path = Item.swift; sourceTree = "<group>"; };
		148B85F9261AA5C700BC9F71 /* CardView.swift */ = {isa = PBXFileReference; lastKnownFileType = sourcecode.swift; path = CardView.swift; sourceTree = "<group>"; };
		148B85FE261AB1E800BC9F71 /* Detail.swift */ = {isa = PBXFileReference; lastKnownFileType = sourcecode.swift; path = Detail.swift; sourceTree = "<group>"; };
		14F946592612CF70005D6AE6 /* Home.swift */ = {isa = PBXFileReference; lastKnownFileType = sourcecode.swift; path = Home.swift; sourceTree = "<group>"; };
		14F9465E2612E212005D6AE6 /* TabButton.swift */ = {isa = PBXFileReference; lastKnownFileType = sourcecode.swift; path = TabButton.swift; sourceTree = "<group>"; };
/* End PBXFileReference section */

/* Begin PBXFrameworksBuildPhase section */
		14843E47261299F90002C94C /* Frameworks */ = {
			isa = PBXFrameworksBuildPhase;
			buildActionMask = 2147483647;
			files = (
			);
			runOnlyForDeploymentPostprocessing = 0;
		};
		14843E58261299FA0002C94C /* Frameworks */ = {
			isa = PBXFrameworksBuildPhase;
			buildActionMask = 2147483647;
			files = (
			);
			runOnlyForDeploymentPostprocessing = 0;
		};
		14843E63261299FA0002C94C /* Frameworks */ = {
			isa = PBXFrameworksBuildPhase;
			buildActionMask = 2147483647;
			files = (
			);
			runOnlyForDeploymentPostprocessing = 0;
		};
/* End PBXFrameworksBuildPhase section */

/* Begin PBXGroup section */
		14843E41261299F90002C94C = {
			isa = PBXGroup;
			children = (
				14843E4C261299F90002C94C /* EcomApp */,
				14843E5E261299FA0002C94C /* EcomAppTests */,
				14843E69261299FA0002C94C /* EcomAppUITests */,
				14843E4B261299F90002C94C /* Products */,
			);
			sourceTree = "<group>";
		};
		14843E4B261299F90002C94C /* Products */ = {
			isa = PBXGroup;
			children = (
				14843E4A261299F90002C94C /* EcomApp.app */,
				14843E5B261299FA0002C94C /* EcomAppTests.xctest */,
				14843E66261299FA0002C94C /* EcomAppUITests.xctest */,
			);
			name = Products;
			sourceTree = "<group>";
		};
		14843E4C261299F90002C94C /* EcomApp */ = {
			isa = PBXGroup;
			children = (
				14F9464D2612CEA9005D6AE6 /* Model */,
				14F9464C2612CE99005D6AE6 /* View */,
				14843E4D261299F90002C94C /* EcomAppApp.swift */,
				14843E4F261299F90002C94C /* ContentView.swift */,
				14843E51261299FA0002C94C /* Assets.xcassets */,
				14843E56261299FA0002C94C /* Info.plist */,
				14843E53261299FA0002C94C /* Preview Content */,
			);
			path = EcomApp;
			sourceTree = "<group>";
		};
		14843E53261299FA0002C94C /* Preview Content */ = {
			isa = PBXGroup;
			children = (
				14843E54261299FA0002C94C /* Preview Assets.xcassets */,
			);
			path = "Preview Content";
			sourceTree = "<group>";
		};
		14843E5E261299FA0002C94C /* EcomAppTests */ = {
			isa = PBXGroup;
			children = (
				14843E5F261299FA0002C94C /* EcomAppTests.swift */,
				14843E61261299FA0002C94C /* Info.plist */,
			);
			path = EcomAppTests;
			sourceTree = "<group>";
		};
		14843E69261299FA0002C94C /* EcomAppUITests */ = {
			isa = PBXGroup;
			children = (
				14843E6A261299FA0002C94C /* EcomAppUITests.swift */,
				14843E6C261299FA0002C94C /* Info.plist */,
			);
			path = EcomAppUITests;
			sourceTree = "<group>";
		};
		14F9464C2612CE99005D6AE6 /* View */ = {
			isa = PBXGroup;
			children = (
				14F946592612CF70005D6AE6 /* Home.swift */,
				14F9465E2612E212005D6AE6 /* TabButton.swift */,
				148B85F9261AA5C700BC9F71 /* CardView.swift */,
				148B85FE261AB1E800BC9F71 /* Detail.swift */,
			);
			path = View;
			sourceTree = "<group>";
		};
		14F9464D2612CEA9005D6AE6 /* Model */ = {
			isa = PBXGroup;
			children = (
				148B85EC261AA11600BC9F71 /* Item.swift */,
			);
			path = Model;
			sourceTree = "<group>";
		};
/* End PBXGroup section */

/* Begin PBXNativeTarget section */
		14843E49261299F90002C94C /* EcomApp */ = {
			isa = PBXNativeTarget;
			buildConfigurationList = 14843E6F261299FA0002C94C /* Build configuration list for PBXNativeTarget "EcomApp" */;
			buildPhases = (
				14843E46261299F90002C94C /* Sources */,
				14843E47261299F90002C94C /* Frameworks */,
				14843E48261299F90002C94C /* Resources */,
			);
			buildRules = (
			);
			dependencies = (
			);
			name = EcomApp;
			productName = EcomApp;
			productReference = 14843E4A261299F90002C94C /* EcomApp.app */;
			productType = "com.apple.product-type.application";
		};
		14843E5A261299FA0002C94C /* EcomAppTests */ = {
			isa = PBXNativeTarget;
			buildConfigurationList = 14843E72261299FA0002C94C /* Build configuration list for PBXNativeTarget "EcomAppTests" */;
			buildPhases = (
				14843E57261299FA0002C94C /* Sources */,
				14843E58261299FA0002C94C /* Frameworks */,
				14843E59261299FA0002C94C /* Resources */,
			);
			buildRules = (
			);
			dependencies = (
				14843E5D261299FA0002C94C /* PBXTargetDependency */,
			);
			name = EcomAppTests;
			productName = EcomAppTests;
			productReference = 14843E5B261299FA0002C94C /* EcomAppTests.xctest */;
			productType = "com.apple.product-type.bundle.unit-test";
		};
		14843E65261299FA0002C94C /* EcomAppUITests */ = {
			isa = PBXNativeTarget;
			buildConfigurationList = 14843E75261299FA0002C94C /* Build configuration list for PBXNativeTarget "EcomAppUITests" */;
			buildPhases = (
				14843E62261299FA0002C94C /* Sources */,
				14843E63261299FA0002C94C /* Frameworks */,
				14843E64261299FA0002C94C /* Resources */,
			);
			buildRules = (
			);
			dependencies = (
				14843E68261299FA0002C94C /* PBXTargetDependency */,
			);
			name = EcomAppUITests;
			productName = EcomAppUITests;
			productReference = 14843E66261299FA0002C94C /* EcomAppUITests.xctest */;
			productType = "com.apple.product-type.bundle.ui-testing";
		};
/* End PBXNativeTarget section */

/* Begin PBXProject section */
		14843E42261299F90002C94C /* Project object */ = {
			isa = PBXProject;
			attributes = {
				LastSwiftUpdateCheck = 1240;
				LastUpgradeCheck = 1240;
				TargetAttributes = {
					14843E49261299F90002C94C = {
						CreatedOnToolsVersion = 12.4;
					};
					14843E5A261299FA0002C94C = {
						CreatedOnToolsVersion = 12.4;
						TestTargetID = 14843E49261299F90002C94C;
					};
					14843E65261299FA0002C94C = {
						CreatedOnToolsVersion = 12.4;
						TestTargetID = 14843E49261299F90002C94C;
					};
				};
			};
			buildConfigurationList = 14843E45261299F90002C94C /* Build configuration list for PBXProject "EcomApp" */;
			compatibilityVersion = "Xcode 9.3";
			developmentRegion = en;
			hasScannedForEncodings = 0;
			knownRegions = (
				en,
				Base,
			);
			mainGroup = 14843E41261299F90002C94C;
			productRefGroup = 14843E4B261299F90002C94C /* Products */;
			projectDirPath = "";
			projectRoot = "";
			targets = (
				14843E49261299F90002C94C /* EcomApp */,
				14843E5A261299FA0002C94C /* EcomAppTests */,
				14843E65261299FA0002C94C /* EcomAppUITests */,
			);
		};
/* End PBXProject section */

/* Begin PBXResourcesBuildPhase section */
		14843E48261299F90002C94C /* Resources */ = {
			isa = PBXResourcesBuildPhase;
			buildActionMask = 2147483647;
			files = (
				14843E55261299FA0002C94C /* Preview Assets.xcassets in Resources */,
				14843E52261299FA0002C94C /* Assets.xcassets in Resources */,
			);
			runOnlyForDeploymentPostprocessing = 0;
		};
		14843E59261299FA0002C94C /* Resources */ = {
			isa = PBXResourcesBuildPhase;
			buildActionMask = 2147483647;
			files = (
			);
			runOnlyForDeploymentPostprocessing = 0;
		};
		14843E64261299FA0002C94C /* Resources */ = {
			isa = PBXResourcesBuildPhase;
			buildActionMask = 2147483647;
			files = (
			);
			runOnlyForDeploymentPostprocessing = 0;
		};
/* End PBXResourcesBuildPhase section */

/* Begin PBXSourcesBuildPhase section */
		14843E46261299F90002C94C /* Sources */ = {
			isa = PBXSourcesBuildPhase;
			buildActionMask = 2147483647;
			files = (
				148B85ED261AA11600BC9F71 /* Item.swift in Sources */,
				148B85FF261AB1E800BC9F71 /* Detail.swift in Sources */,
				14843E50261299F90002C94C /* ContentView.swift in Sources */,
				14F9465F2612E212005D6AE6 /* TabButton.swift in Sources */,
				14F9465A2612CF70005D6AE6 /* Home.swift in Sources */,
				148B85FA261AA5C700BC9F71 /* CardView.swift in Sources */,
				14843E4E261299F90002C94C /* EcomAppApp.swift in Sources */,
			);
			runOnlyForDeploymentPostprocessing = 0;
		};
		14843E57261299FA0002C94C /* Sources */ = {
			isa = PBXSourcesBuildPhase;
			buildActionMask = 2147483647;
			files = (
				14843E60261299FA0002C94C /* EcomAppTests.swift in Sources */,
			);
			runOnlyForDeploymentPostprocessing = 0;
		};
		14843E62261299FA0002C94C /* Sources */ = {
			isa = PBXSourcesBuildPhase;
			buildActionMask = 2147483647;
			files = (
				14843E6B261299FA0002C94C /* EcomAppUITests.swift in Sources */,
			);
			runOnlyForDeploymentPostprocessing = 0;
		};
/* End PBXSourcesBuildPhase section */

/* Begin PBXTargetDependency section */
		14843E5D261299FA0002C94C /* PBXTargetDependency */ = {
			isa = PBXTargetDependency;
			target = 14843E49261299F90002C94C /* EcomApp */;
			targetProxy = 14843E5C261299FA0002C94C /* PBXContainerItemProxy */;
		};
		14843E68261299FA0002C94C /* PBXTargetDependency */ = {
			isa = PBXTargetDependency;
			target = 14843E49261299F90002C94C /* EcomApp */;
			targetProxy = 14843E67261299FA0002C94C /* PBXContainerItemProxy */;
		};
/* End PBXTargetDependency section */

/* Begin XCBuildConfiguration section */
		14843E6D261299FA0002C94C /* Debug */ = {
			isa = XCBuildConfiguration;
			buildSettings = {
				ALWAYS_SEARCH_USER_PATHS = NO;
				CLANG_ANALYZER_NONNULL = YES;
				CLANG_ANALYZER_NUMBER_OBJECT_CONVERSION = YES_AGGRESSIVE;
				CLANG_CXX_LANGUAGE_STANDARD = "gnu++14";
				CLANG_CXX_LIBRARY = "libc++";
				CLANG_ENABLE_MODULES = YES;
				CLANG_ENABLE_OBJC_ARC = YES;
				CLANG_ENABLE_OBJC_WEAK = YES;
				CLANG_WARN_BLOCK_CAPTURE_AUTORELEASING = YES;
				CLANG_WARN_BOOL_CONVERSION = YES;
				CLANG_WARN_COMMA = YES;
				CLANG_WARN_CONSTANT_CONVERSION = YES;
				CLANG_WARN_DEPRECATED_OBJC_IMPLEMENTATIONS = YES;
				CLANG_WARN_DIRECT_OBJC_ISA_USAGE = YES_ERROR;
				CLANG_WARN_DOCUMENTATION_COMMENTS = YES;
				CLANG_WARN_EMPTY_BODY = YES;
				CLANG_WARN_ENUM_CONVERSION = YES;
				CLANG_WARN_INFINITE_RECURSION = YES;
				CLANG_WARN_INT_CONVERSION = YES;
				CLANG_WARN_NON_LITERAL_NULL_CONVERSION = YES;
				CLANG_WARN_OBJC_IMPLICIT_RETAIN_SELF = YES;
				CLANG_WARN_OBJC_LITERAL_CONVERSION = YES;
				CLANG_WARN_OBJC_ROOT_CLASS = YES_ERROR;
				CLANG_WARN_QUOTED_INCLUDE_IN_FRAMEWORK_HEADER = YES;
				CLANG_WARN_RANGE_LOOP_ANALYSIS = YES;
				CLANG_WARN_STRICT_PROTOTYPES = YES;
				CLANG_WARN_SUSPICIOUS_MOVE = YES;
				CLANG_WARN_UNGUARDED_AVAILABILITY = YES_AGGRESSIVE;
				CLANG_WARN_UNREACHABLE_CODE = YES;
				CLANG_WARN__DUPLICATE_METHOD_MATCH = YES;
				COPY_PHASE_STRIP = NO;
				DEBUG_INFORMATION_FORMAT = dwarf;
				ENABLE_STRICT_OBJC_MSGSEND = YES;
				ENABLE_TESTABILITY = YES;
				GCC_C_LANGUAGE_STANDARD = gnu11;
				GCC_DYNAMIC_NO_PIC = NO;
				GCC_NO_COMMON_BLOCKS = YES;
				GCC_OPTIMIZATION_LEVEL = 0;
				GCC_PREPROCESSOR_DEFINITIONS = (
					"DEBUG=1",
					"$(inherited)",
				);
				GCC_WARN_64_TO_32_BIT_CONVERSION = YES;
				GCC_WARN_ABOUT_RETURN_TYPE = YES_ERROR;
				GCC_WARN_UNDECLARED_SELECTOR = YES;
				GCC_WARN_UNINITIALIZED_AUTOS = YES_AGGRESSIVE;
				GCC_WARN_UNUSED_FUNCTION = YES;
				GCC_WARN_UNUSED_VARIABLE = YES;
				IPHONEOS_DEPLOYMENT_TARGET = 14.4;
				MTL_ENABLE_DEBUG_INFO = INCLUDE_SOURCE;
				MTL_FAST_MATH = YES;
				ONLY_ACTIVE_ARCH = YES;
				SDKROOT = iphoneos;
				SWIFT_ACTIVE_COMPILATION_CONDITIONS = DEBUG;
				SWIFT_OPTIMIZATION_LEVEL = "-Onone";
			};
			name = Debug;
		};
		14843E6E261299FA0002C94C /* Release */ = {
			isa = XCBuildConfiguration;
			buildSettings = {
				ALWAYS_SEARCH_USER_PATHS = NO;
				CLANG_ANALYZER_NONNULL = YES;
				CLANG_ANALYZER_NUMBER_OBJECT_CONVERSION = YES_AGGRESSIVE;
				CLANG_CXX_LANGUAGE_STANDARD = "gnu++14";
				CLANG_CXX_LIBRARY = "libc++";
				CLANG_ENABLE_MODULES = YES;
				CLANG_ENABLE_OBJC_ARC = YES;
				CLANG_ENABLE_OBJC_WEAK = YES;
				CLANG_WARN_BLOCK_CAPTURE_AUTORELEASING = YES;
				CLANG_WARN_BOOL_CONVERSION = YES;
				CLANG_WARN_COMMA = YES;
				CLANG_WARN_CONSTANT_CONVERSION = YES;
				CLANG_WARN_DEPRECATED_OBJC_IMPLEMENTATIONS = YES;
				CLANG_WARN_DIRECT_OBJC_ISA_USAGE = YES_ERROR;
				CLANG_WARN_DOCUMENTATION_COMMENTS = YES;
				CLANG_WARN_EMPTY_BODY = YES;
				CLANG_WARN_ENUM_CONVERSION = YES;
				CLANG_WARN_INFINITE_RECURSION = YES;
				CLANG_WARN_INT_CONVERSION = YES;
				CLANG_WARN_NON_LITERAL_NULL_CONVERSION = YES;
				CLANG_WARN_OBJC_IMPLICIT_RETAIN_SELF = YES;
				CLANG_WARN_OBJC_LITERAL_CONVERSION = YES;
				CLANG_WARN_OBJC_ROOT_CLASS = YES_ERROR;
				CLANG_WARN_QUOTED_INCLUDE_IN_FRAMEWORK_HEADER = YES;
				CLANG_WARN_RANGE_LOOP_ANALYSIS = YES;
				CLANG_WARN_STRICT_PROTOTYPES = YES;
				CLANG_WARN_SUSPICIOUS_MOVE = YES;
				CLANG_WARN_UNGUARDED_AVAILABILITY = YES_AGGRESSIVE;
				CLANG_WARN_UNREACHABLE_CODE = YES;
				CLANG_WARN__DUPLICATE_METHOD_MATCH = YES;
				COPY_PHASE_STRIP = NO;
				DEBUG_INFORMATION_FORMAT = "dwarf-with-dsym";
				ENABLE_NS_ASSERTIONS = NO;
				ENABLE_STRICT_OBJC_MSGSEND = YES;
				GCC_C_LANGUAGE_STANDARD = gnu11;
				GCC_NO_COMMON_BLOCKS = YES;
				GCC_WARN_64_TO_32_BIT_CONVERSION = YES;
				GCC_WARN_ABOUT_RETURN_TYPE = YES_ERROR;
				GCC_WARN_UNDECLARED_SELECTOR = YES;
				GCC_WARN_UNINITIALIZED_AUTOS = YES_AGGRESSIVE;
				GCC_WARN_UNUSED_FUNCTION = YES;
				GCC_WARN_UNUSED_VARIABLE = YES;
				IPHONEOS_DEPLOYMENT_TARGET = 14.4;
				MTL_ENABLE_DEBUG_INFO = NO;
				MTL_FAST_MATH = YES;
				SDKROOT = iphoneos;
				SWIFT_COMPILATION_MODE = wholemodule;
				SWIFT_OPTIMIZATION_LEVEL = "-O";
				VALIDATE_PRODUCT = YES;
			};
			name = Release;
		};
		14843E70261299FA0002C94C /* Debug */ = {
			isa = XCBuildConfiguration;
			buildSettings = {
				ASSETCATALOG_COMPILER_APPICON_NAME = AppIcon;
				ASSETCATALOG_COMPILER_GLOBAL_ACCENT_COLOR_NAME = AccentColor;
				CODE_SIGN_STYLE = Automatic;
				DEVELOPMENT_ASSET_PATHS = "\"EcomApp/Preview Content\"";
				DEVELOPMENT_TEAM = 67J949XXJM;
				ENABLE_PREVIEWS = YES;
				INFOPLIST_FILE = EcomApp/Info.plist;
				IPHONEOS_DEPLOYMENT_TARGET = 14.0;
				LD_RUNPATH_SEARCH_PATHS = (
					"$(inherited)",
					"@executable_path/Frameworks",
				);
				PRODUCT_BUNDLE_IDENTIFIER = com.andylochan.EcomApp;
				PRODUCT_NAME = "$(TARGET_NAME)";
				SWIFT_VERSION = 5.0;
				TARGETED_DEVICE_FAMILY = "1,2";
			};
			name = Debug;
		};
		14843E71261299FA0002C94C /* Release */ = {
			isa = XCBuildConfiguration;
			buildSettings = {
				ASSETCATALOG_COMPILER_APPICON_NAME = AppIcon;
				ASSETCATALOG_COMPILER_GLOBAL_ACCENT_COLOR_NAME = AccentColor;
				CODE_SIGN_STYLE = Automatic;
				DEVELOPMENT_ASSET_PATHS = "\"EcomApp/Preview Content\"";
				DEVELOPMENT_TEAM = 67J949XXJM;
				ENABLE_PREVIEWS = YES;
				INFOPLIST_FILE = EcomApp/Info.plist;
				IPHONEOS_DEPLOYMENT_TARGET = 14.0;
				LD_RUNPATH_SEARCH_PATHS = (
					"$(inherited)",
					"@executable_path/Frameworks",
				);
				PRODUCT_BUNDLE_IDENTIFIER = com.andylochan.EcomApp;
				PRODUCT_NAME = "$(TARGET_NAME)";
				SWIFT_VERSION = 5.0;
				TARGETED_DEVICE_FAMILY = "1,2";
			};
			name = Release;
		};
		14843E73261299FA0002C94C /* Debug */ = {
			isa = XCBuildConfiguration;
			buildSettings = {
				ALWAYS_EMBED_SWIFT_STANDARD_LIBRARIES = YES;
				BUNDLE_LOADER = "$(TEST_HOST)";
				CODE_SIGN_STYLE = Automatic;
				DEVELOPMENT_TEAM = 67J949XXJM;
				INFOPLIST_FILE = EcomAppTests/Info.plist;
				IPHONEOS_DEPLOYMENT_TARGET = 14.0;
				LD_RUNPATH_SEARCH_PATHS = (
					"$(inherited)",
					"@executable_path/Frameworks",
					"@loader_path/Frameworks",
				);
				PRODUCT_BUNDLE_IDENTIFIER = com.andylochan.EcomAppTests;
				PRODUCT_NAME = "$(TARGET_NAME)";
				SWIFT_VERSION = 5.0;
				TARGETED_DEVICE_FAMILY = "1,2";
				TEST_HOST = "$(BUILT_PRODUCTS_DIR)/EcomApp.app/EcomApp";
			};
			name = Debug;
		};
		14843E74261299FA0002C94C /* Release */ = {
			isa = XCBuildConfiguration;
			buildSettings = {
				ALWAYS_EMBED_SWIFT_STANDARD_LIBRARIES = YES;
				BUNDLE_LOADER = "$(TEST_HOST)";
				CODE_SIGN_STYLE = Automatic;
				DEVELOPMENT_TEAM = 67J949XXJM;
				INFOPLIST_FILE = EcomAppTests/Info.plist;
				IPHONEOS_DEPLOYMENT_TARGET = 14.0;
				LD_RUNPATH_SEARCH_PATHS = (
					"$(inherited)",
					"@executable_path/Frameworks",
					"@loader_path/Frameworks",
				);
				PRODUCT_BUNDLE_IDENTIFIER = com.andylochan.EcomAppTests;
				PRODUCT_NAME = "$(TARGET_NAME)";
				SWIFT_VERSION = 5.0;
				TARGETED_DEVICE_FAMILY = "1,2";
				TEST_HOST = "$(BUILT_PRODUCTS_DIR)/EcomApp.app/EcomApp";
			};
			name = Release;
		};
		14843E76261299FA0002C94C /* Debug */ = {
			isa = XCBuildConfiguration;
			buildSettings = {
				ALWAYS_EMBED_SWIFT_STANDARD_LIBRARIES = YES;
				CODE_SIGN_STYLE = Automatic;
				DEVELOPMENT_TEAM = 67J949XXJM;
				INFOPLIST_FILE = EcomAppUITests/Info.plist;
				LD_RUNPATH_SEARCH_PATHS = (
					"$(inherited)",
					"@executable_path/Frameworks",
					"@loader_path/Frameworks",
				);
				PRODUCT_BUNDLE_IDENTIFIER = com.andylochan.EcomAppUITests;
				PRODUCT_NAME = "$(TARGET_NAME)";
				SWIFT_VERSION = 5.0;
				TARGETED_DEVICE_FAMILY = "1,2";
				TEST_TARGET_NAME = EcomApp;
			};
			name = Debug;
		};
		14843E77261299FA0002C94C /* Release */ = {
			isa = XCBuildConfiguration;
			buildSettings = {
				ALWAYS_EMBED_SWIFT_STANDARD_LIBRARIES = YES;
				CODE_SIGN_STYLE = Automatic;
				DEVELOPMENT_TEAM = 67J949XXJM;
				INFOPLIST_FILE = EcomAppUITests/Info.plist;
				LD_RUNPATH_SEARCH_PATHS = (
					"$(inherited)",
					"@executable_path/Frameworks",
					"@loader_path/Frameworks",
				);
				PRODUCT_BUNDLE_IDENTIFIER = com.andylochan.EcomAppUITests;
				PRODUCT_NAME = "$(TARGET_NAME)";
				SWIFT_VERSION = 5.0;
				TARGETED_DEVICE_FAMILY = "1,2";
				TEST_TARGET_NAME = EcomApp;
			};
			name = Release;
		};
/* End XCBuildConfiguration section */

/* Begin XCConfigurationList section */
		14843E45261299F90002C94C /* Build configuration list for PBXProject "EcomApp" */ = {
			isa = XCConfigurationList;
			buildConfigurations = (
				14843E6D261299FA0002C94C /* Debug */,
				14843E6E261299FA0002C94C /* Release */,
			);
			defaultConfigurationIsVisible = 0;
			defaultConfigurationName = Release;
		};
		14843E6F261299FA0002C94C /* Build configuration list for PBXNativeTarget "EcomApp" */ = {
			isa = XCConfigurationList;
			buildConfigurations = (
				14843E70261299FA0002C94C /* Debug */,
				14843E71261299FA0002C94C /* Release */,
			);
			defaultConfigurationIsVisible = 0;
			defaultConfigurationName = Release;
		};
		14843E72261299FA0002C94C /* Build configuration list for PBXNativeTarget "EcomAppTests" */ = {
			isa = XCConfigurationList;
			buildConfigurations = (
				14843E73261299FA0002C94C /* Debug */,
				14843E74261299FA0002C94C /* Release */,
			);
			defaultConfigurationIsVisible = 0;
			defaultConfigurationName = Release;
		};
		14843E75261299FA0002C94C /* Build configuration list for PBXNativeTarget "EcomAppUITests" */ = {
			isa = XCConfigurationList;
			buildConfigurations = (
				14843E76261299FA0002C94C /* Debug */,
				14843E77261299FA0002C94C /* Release */,
			);
			defaultConfigurationIsVisible = 0;
			defaultConfigurationName = Release;
		};
/* End XCConfigurationList section */
	};
	rootObject = 14843E42261299F90002C94C /* Project object */;
}
